{
  "name": "dockerize-app",
  "version": "2.0.1",
  "dependencies": {
    "lodash-deep": {
      "version": "1.6.0",
      "from": "https://registry.npmjs.org/lodash-deep/-/lodash-deep-1.6.0.tgz",
      "resolved": "https://registry.npmjs.org/lodash-deep/-/lodash-deep-1.6.0.tgz",
      "dependencies": {
        "lodash": {
          "version": "3.10.1",
          "from": "https://registry.npmjs.org/lodash/-/lodash-3.10.1.tgz",
          "resolved": "https://registry.npmjs.org/lodash/-/lodash-3.10.1.tgz"
        }
      }
    }
  }
}
